
Microsoft Visual Studio Solution File, Format Version 12.00
# Visual Studio Version 17
VisualStudioVersion = 17.11.35219.272
MinimumVisualStudioVersion = 10.0.40219.1
Project("{FAE04EC0-301F-11D3-BF4B-00C04F79EFBC}") = "P", "P\P.csproj", "{1C2E4C01-AA45-47EC-A48E-7EB1CA1DCF27}"
EndProject
Global
	GlobalSection(SolutionConfigurationPlatforms) = preSolution
		Debug|Any CPU = Debug|Any CPU
		Release|Any CPU = Release|Any CPU
	EndGlobalSection
	GlobalSection(ProjectConfigurationPlatforms) = postSolution
		{1C2E4C01-AA45-47EC-A48E-7EB1CA1DCF27}.Debug|Any CPU.ActiveCfg = Debug|Any CPU
		{1C2E4C01-AA45-47EC-A48E-7EB1CA1DCF27}.Debug|Any CPU.Build.0 = Debug|Any CPU
		{1C2E4C01-AA45-47EC-A48E-7EB1CA1DCF27}.Release|Any CPU.ActiveCfg = Release|Any CPU
		{1C2E4C01-AA45-47EC-A48E-7EB1CA1DCF27}.Release|Any CPU.Build.0 = Release|Any CPU
	EndGlobalSection
	GlobalSection(SolutionProperties) = preSolution
		HideSolutionNode = FALSE
	EndGlobalSection
	GlobalSection(ExtensibilityGlobals) = postSolution
		SolutionGuid = {595BD518-72B8-4CA2-A2CD-BED85F70B0B7}
	EndGlobalSection
EndGlobal
